// !$*UTF8*$!
{
	archiveVersion = 1;
	classes = {
	};
	objectVersion = 46;
	objects = {

/* Begin PBXBuildFile section */
		2C179E061E8629130007EE78 /* AppDelegate.swift in Sources */ = {isa = PBXBuildFile; fileRef = 2C179E051E8629130007EE78 /* AppDelegate.swift */; };
		2C179E081E8629130007EE78 /* LoginViewController.swift in Sources */ = {isa = PBXBuildFile; fileRef = 2C179E071E8629130007EE78 /* LoginViewController.swift */; };
		2C179E1A1E862DC40007EE78 /* SignUpViewController.swift in Sources */ = {isa = PBXBuildFile; fileRef = 2C179E191E862DC40007EE78 /* SignUpViewController.swift */; };
		2C179E1C1E863FE50007EE78 /* AdSupport.framework in Frameworks */ = {isa = PBXBuildFile; fileRef = 2C179E1B1E863FE50007EE78 /* AdSupport.framework */; };
		2C179E1E1E86455D0007EE78 /* JournalViewController.swift in Sources */ = {isa = PBXBuildFile; fileRef = 2C179E1D1E86455D0007EE78 /* JournalViewController.swift */; };
		2C30E2901E8A357300B79E72 /* FBSDKLoginKit.framework in Frameworks */ = {isa = PBXBuildFile; fileRef = 2C30E28F1E8A357300B79E72 /* FBSDKLoginKit.framework */; };
		2C30E2921E8A36A700B79E72 /* FBSDKCoreKit.framework in Frameworks */ = {isa = PBXBuildFile; fileRef = 2C30E2911E8A36A700B79E72 /* FBSDKCoreKit.framework */; };
		2C30E2941E8A374A00B79E72 /* Bolts.framework in Frameworks */ = {isa = PBXBuildFile; fileRef = 2C30E2931E8A374A00B79E72 /* Bolts.framework */; };
		2C30E2961E8A384A00B79E72 /* EntryViewController.swift in Sources */ = {isa = PBXBuildFile; fileRef = 2C30E2951E8A384A00B79E72 /* EntryViewController.swift */; };
		2C30E2991E8A3C5600B79E72 /* User.swift in Sources */ = {isa = PBXBuildFile; fileRef = 2C30E2981E8A3C5600B79E72 /* User.swift */; };
		2C4955AF1EBF06EE00C122C1 /* JournalEntry.swift in Sources */ = {isa = PBXBuildFile; fileRef = 2C4955AE1EBF06EE00C122C1 /* JournalEntry.swift */; };
		2C4955B21EBF07D300C122C1 /* EntryCell.swift in Sources */ = {isa = PBXBuildFile; fileRef = 2C4955B11EBF07D300C122C1 /* EntryCell.swift */; };
		2C4955B41EBF203C00C122C1 /* AddEntryViewController.swift in Sources */ = {isa = PBXBuildFile; fileRef = 2C4955B31EBF203C00C122C1 /* AddEntryViewController.swift */; };
		2C5B57F41EBD4EAC008404FF /* AddTipViewController.swift in Sources */ = {isa = PBXBuildFile; fileRef = 2C5B57F31EBD4EAC008404FF /* AddTipViewController.swift */; };
		2C6DAF041EC104E7000D5B08 /* LaunchScreen.storyboard in Resources */ = {isa = PBXBuildFile; fileRef = 2C179E0E1E8629130007EE78 /* LaunchScreen.storyboard */; };
		2C6DAF051EC104ED000D5B08 /* Main.storyboard in Resources */ = {isa = PBXBuildFile; fileRef = 2C179E091E8629130007EE78 /* Main.storyboard */; };
		2C6DAF061EC104F2000D5B08 /* GoogleService-Info.plist in Resources */ = {isa = PBXBuildFile; fileRef = 2C179E171E862CE60007EE78 /* GoogleService-Info.plist */; };
		2C6DAF071EC104F9000D5B08 /* Assets.xcassets in Resources */ = {isa = PBXBuildFile; fileRef = 2C179E0C1E8629130007EE78 /* Assets.xcassets */; };
		2C952B041EC196CA00297DF3 /* ForgotPassViewController.swift in Sources */ = {isa = PBXBuildFile; fileRef = 2C952B031EC196CA00297DF3 /* ForgotPassViewController.swift */; };
		2CD6C9401E8B7415004F65BC /* TipsViewController.swift in Sources */ = {isa = PBXBuildFile; fileRef = 2CD6C93F1E8B7415004F65BC /* TipsViewController.swift */; };
		2CD6C9421E8B7934004F65BC /* Tip.swift in Sources */ = {isa = PBXBuildFile; fileRef = 2CD6C9411E8B7934004F65BC /* Tip.swift */; };
		2CD6C9441E8B7FA6004F65BC /* TipCell.swift in Sources */ = {isa = PBXBuildFile; fileRef = 2CD6C9431E8B7FA6004F65BC /* TipCell.swift */; };
		EBE54FFB945EB94D8E0F47D5 /* Pods_PowerNap.framework in Frameworks */ = {isa = PBXBuildFile; fileRef = F7536C00250A89C19DF55C80 /* Pods_PowerNap.framework */; };
/* End PBXBuildFile section */

/* Begin PBXFileReference section */
		2C179E021E8629130007EE78 /* SleepR.app */ = {isa = PBXFileReference; explicitFileType = wrapper.application; includeInIndex = 0; path = SleepR.app; sourceTree = BUILT_PRODUCTS_DIR; };
		2C179E051E8629130007EE78 /* AppDelegate.swift */ = {isa = PBXFileReference; lastKnownFileType = sourcecode.swift; path = AppDelegate.swift; sourceTree = "<group>"; };
		2C179E071E8629130007EE78 /* LoginViewController.swift */ = {isa = PBXFileReference; lastKnownFileType = sourcecode.swift; path = LoginViewController.swift; sourceTree = "<group>"; };
		2C179E0A1E8629130007EE78 /* Base */ = {isa = PBXFileReference; lastKnownFileType = file.storyboard; name = Base; path = Base.lproj/Main.storyboard; sourceTree = "<group>"; };
		2C179E0C1E8629130007EE78 /* Assets.xcassets */ = {isa = PBXFileReference; lastKnownFileType = folder.assetcatalog; path = Assets.xcassets; sourceTree = "<group>"; };
		2C179E0F1E8629130007EE78 /* Base */ = {isa = PBXFileReference; lastKnownFileType = file.storyboard; name = Base; path = Base.lproj/LaunchScreen.storyboard; sourceTree = "<group>"; };
		2C179E111E8629130007EE78 /* Info.plist */ = {isa = PBXFileReference; lastKnownFileType = text.plist.xml; path = Info.plist; sourceTree = "<group>"; };
		2C179E171E862CE60007EE78 /* GoogleService-Info.plist */ = {isa = PBXFileReference; fileEncoding = 4; lastKnownFileType = text.plist.xml; path = "GoogleService-Info.plist"; sourceTree = "<group>"; };
		2C179E191E862DC40007EE78 /* SignUpViewController.swift */ = {isa = PBXFileReference; fileEncoding = 4; lastKnownFileType = sourcecode.swift; path = SignUpViewController.swift; sourceTree = "<group>"; };
		2C179E1B1E863FE50007EE78 /* AdSupport.framework */ = {isa = PBXFileReference; lastKnownFileType = wrapper.framework; name = AdSupport.framework; path = System/Library/Frameworks/AdSupport.framework; sourceTree = SDKROOT; };
		2C179E1D1E86455D0007EE78 /* JournalViewController.swift */ = {isa = PBXFileReference; fileEncoding = 4; lastKnownFileType = sourcecode.swift; path = JournalViewController.swift; sourceTree = "<group>"; };
		2C30E28F1E8A357300B79E72 /* FBSDKLoginKit.framework */ = {isa = PBXFileReference; lastKnownFileType = wrapper.framework; path = FBSDKLoginKit.framework; sourceTree = "<group>"; };
		2C30E2911E8A36A700B79E72 /* FBSDKCoreKit.framework */ = {isa = PBXFileReference; lastKnownFileType = wrapper.framework; path = FBSDKCoreKit.framework; sourceTree = "<group>"; };
		2C30E2931E8A374A00B79E72 /* Bolts.framework */ = {isa = PBXFileReference; lastKnownFileType = wrapper.framework; path = Bolts.framework; sourceTree = "<group>"; };
		2C30E2951E8A384A00B79E72 /* EntryViewController.swift */ = {isa = PBXFileReference; fileEncoding = 4; lastKnownFileType = sourcecode.swift; path = EntryViewController.swift; sourceTree = "<group>"; };
		2C30E2981E8A3C5600B79E72 /* User.swift */ = {isa = PBXFileReference; fileEncoding = 4; lastKnownFileType = sourcecode.swift; path = User.swift; sourceTree = "<group>"; };
		2C4955AE1EBF06EE00C122C1 /* JournalEntry.swift */ = {isa = PBXFileReference; fileEncoding = 4; lastKnownFileType = sourcecode.swift; path = JournalEntry.swift; sourceTree = "<group>"; };
		2C4955B11EBF07D300C122C1 /* EntryCell.swift */ = {isa = PBXFileReference; fileEncoding = 4; lastKnownFileType = sourcecode.swift; path = EntryCell.swift; sourceTree = "<group>"; };
		2C4955B31EBF203C00C122C1 /* AddEntryViewController.swift */ = {isa = PBXFileReference; fileEncoding = 4; lastKnownFileType = sourcecode.swift; path = AddEntryViewController.swift; sourceTree = "<group>"; };
		2C5B57F31EBD4EAC008404FF /* AddTipViewController.swift */ = {isa = PBXFileReference; fileEncoding = 4; lastKnownFileType = sourcecode.swift; path = AddTipViewController.swift; sourceTree = "<group>"; };
		2C952B031EC196CA00297DF3 /* ForgotPassViewController.swift */ = {isa = PBXFileReference; fileEncoding = 4; lastKnownFileType = sourcecode.swift; path = ForgotPassViewController.swift; sourceTree = "<group>"; };
		2CD6C93F1E8B7415004F65BC /* TipsViewController.swift */ = {isa = PBXFileReference; fileEncoding = 4; lastKnownFileType = sourcecode.swift; path = TipsViewController.swift; sourceTree = "<group>"; };
		2CD6C9411E8B7934004F65BC /* Tip.swift */ = {isa = PBXFileReference; fileEncoding = 4; lastKnownFileType = sourcecode.swift; path = Tip.swift; sourceTree = "<group>"; };
		2CD6C9431E8B7FA6004F65BC /* TipCell.swift */ = {isa = PBXFileReference; fileEncoding = 4; lastKnownFileType = sourcecode.swift; path = TipCell.swift; sourceTree = "<group>"; };
		4A47B695596CE959EB9EB6C4 /* Pods-PowerNap.debug.xcconfig */ = {isa = PBXFileReference; includeInIndex = 1; lastKnownFileType = text.xcconfig; name = "Pods-PowerNap.debug.xcconfig"; path = "Pods/Target Support Files/Pods-PowerNap/Pods-PowerNap.debug.xcconfig"; sourceTree = "<group>"; };
		B81FF09DE852FF4EA5449798 /* Pods-PowerNap.release.xcconfig */ = {isa = PBXFileReference; includeInIndex = 1; lastKnownFileType = text.xcconfig; name = "Pods-PowerNap.release.xcconfig"; path = "Pods/Target Support Files/Pods-PowerNap/Pods-PowerNap.release.xcconfig"; sourceTree = "<group>"; };
		F7536C00250A89C19DF55C80 /* Pods_PowerNap.framework */ = {isa = PBXFileReference; explicitFileType = wrapper.framework; includeInIndex = 0; path = Pods_PowerNap.framework; sourceTree = BUILT_PRODUCTS_DIR; };
/* End PBXFileReference section */

/* Begin PBXFrameworksBuildPhase section */
		2C179DFF1E8629120007EE78 /* Frameworks */ = {
			isa = PBXFrameworksBuildPhase;
			buildActionMask = 2147483647;
			files = (
				2C30E2941E8A374A00B79E72 /* Bolts.framework in Frameworks */,
				2C30E2901E8A357300B79E72 /* FBSDKLoginKit.framework in Frameworks */,
				2C30E2921E8A36A700B79E72 /* FBSDKCoreKit.framework in Frameworks */,
				2C179E1C1E863FE50007EE78 /* AdSupport.framework in Frameworks */,
				EBE54FFB945EB94D8E0F47D5 /* Pods_PowerNap.framework in Frameworks */,
			);
			runOnlyForDeploymentPostprocessing = 0;
		};
/* End PBXFrameworksBuildPhase section */

/* Begin PBXGroup section */
		2B8C930FF961ACE611951CFA /* Frameworks */ = {
			isa = PBXGroup;
			children = (
				2C30E2931E8A374A00B79E72 /* Bolts.framework */,
				2C30E2911E8A36A700B79E72 /* FBSDKCoreKit.framework */,
				2C30E28F1E8A357300B79E72 /* FBSDKLoginKit.framework */,
				2C179E1B1E863FE50007EE78 /* AdSupport.framework */,
				F7536C00250A89C19DF55C80 /* Pods_PowerNap.framework */,
			);
			name = Frameworks;
			sourceTree = "<group>";
		};
		2C179DF91E8629120007EE78 = {
			isa = PBXGroup;
			children = (
				2C179E041E8629130007EE78 /* SleepR */,
				2C179E031E8629130007EE78 /* Products */,
				895F9F41FBFC4CCC0D3ADEBA /* Pods */,
				2B8C930FF961ACE611951CFA /* Frameworks */,
			);
			sourceTree = "<group>";
		};
		2C179E031E8629130007EE78 /* Products */ = {
			isa = PBXGroup;
			children = (
				2C179E021E8629130007EE78 /* SleepR.app */,
			);
			name = Products;
			sourceTree = "<group>";
		};
		2C179E041E8629130007EE78 /* SleepR */ = {
			isa = PBXGroup;
			children = (
				2C4955B01EBF07AD00C122C1 /* Cells */,
				2CD6C93C1E8B73A0004F65BC /* ViewControllers */,
				2C30E2971E8A3C2D00B79E72 /* Model */,
				2C179E051E8629130007EE78 /* AppDelegate.swift */,
				2C179E091E8629130007EE78 /* Main.storyboard */,
				2C179E0C1E8629130007EE78 /* Assets.xcassets */,
				2C179E0E1E8629130007EE78 /* LaunchScreen.storyboard */,
				2C179E111E8629130007EE78 /* Info.plist */,
				2C179E171E862CE60007EE78 /* GoogleService-Info.plist */,
			);
			path = SleepR;
			sourceTree = "<group>";
		};
		2C30E2971E8A3C2D00B79E72 /* Model */ = {
			isa = PBXGroup;
			children = (
				2C30E2981E8A3C5600B79E72 /* User.swift */,
				2CD6C9411E8B7934004F65BC /* Tip.swift */,
				2C4955AE1EBF06EE00C122C1 /* JournalEntry.swift */,
			);
			name = Model;
			sourceTree = "<group>";
		};
		2C4955B01EBF07AD00C122C1 /* Cells */ = {
			isa = PBXGroup;
			children = (
				2CD6C9431E8B7FA6004F65BC /* TipCell.swift */,
				2C4955B11EBF07D300C122C1 /* EntryCell.swift */,
			);
			name = Cells;
			sourceTree = "<group>";
		};
		2CD6C93C1E8B73A0004F65BC /* ViewControllers */ = {
			isa = PBXGroup;
			children = (
				2C179E191E862DC40007EE78 /* SignUpViewController.swift */,
				2C179E071E8629130007EE78 /* LoginViewController.swift */,
				2C179E1D1E86455D0007EE78 /* JournalViewController.swift */,
				2C30E2951E8A384A00B79E72 /* EntryViewController.swift */,
				2CD6C93F1E8B7415004F65BC /* TipsViewController.swift */,
				2C5B57F31EBD4EAC008404FF /* AddTipViewController.swift */,
				2C4955B31EBF203C00C122C1 /* AddEntryViewController.swift */,
				2C952B031EC196CA00297DF3 /* ForgotPassViewController.swift */,
			);
			name = ViewControllers;
			sourceTree = "<group>";
		};
		895F9F41FBFC4CCC0D3ADEBA /* Pods */ = {
			isa = PBXGroup;
			children = (
				4A47B695596CE959EB9EB6C4 /* Pods-PowerNap.debug.xcconfig */,
				B81FF09DE852FF4EA5449798 /* Pods-PowerNap.release.xcconfig */,
			);
			name = Pods;
			sourceTree = "<group>";
		};
/* End PBXGroup section */

/* Begin PBXNativeTarget section */
		2C179E011E8629120007EE78 /* SleepR */ = {
			isa = PBXNativeTarget;
			buildConfigurationList = 2C179E141E8629130007EE78 /* Build configuration list for PBXNativeTarget "SleepR" */;
			buildPhases = (
				7AD9A794B8050ACFF66B2E23 /* [CP] Check Pods Manifest.lock */,
				2C179DFE1E8629120007EE78 /* Sources */,
				2C179DFF1E8629120007EE78 /* Frameworks */,
				2C179E001E8629120007EE78 /* Resources */,
				4D451EC03C872B36D4D38A12 /* [CP] Embed Pods Frameworks */,
				AF37996DFDA922B0BE37A663 /* [CP] Copy Pods Resources */,
			);
			buildRules = (
			);
			dependencies = (
			);
			name = SleepR;
			productName = PowerNap;
			productReference = 2C179E021E8629130007EE78 /* SleepR.app */;
			productType = "com.apple.product-type.application";
		};
/* End PBXNativeTarget section */

/* Begin PBXProject section */
		2C179DFA1E8629120007EE78 /* Project object */ = {
			isa = PBXProject;
			attributes = {
				LastSwiftUpdateCheck = 0820;
				LastUpgradeCheck = 0820;
				ORGANIZATIONNAME = "Sandeep Raghunandhan";
				TargetAttributes = {
					2C179E011E8629120007EE78 = {
						CreatedOnToolsVersion = 8.2.1;
						DevelopmentTeam = 2SP49XQ42W;
						ProvisioningStyle = Automatic;
						SystemCapabilities = {
							com.apple.BackgroundModes = {
								enabled = 1;
							};
						};
					};
				};
			};
			buildConfigurationList = 2C179DFD1E8629120007EE78 /* Build configuration list for PBXProject "SleepR" */;
			compatibilityVersion = "Xcode 3.2";
			developmentRegion = English;
			hasScannedForEncodings = 0;
			knownRegions = (
				en,
				Base,
			);
			mainGroup = 2C179DF91E8629120007EE78;
			productRefGroup = 2C179E031E8629130007EE78 /* Products */;
			projectDirPath = "";
			projectRoot = "";
			targets = (
				2C179E011E8629120007EE78 /* SleepR */,
			);
		};
/* End PBXProject section */

/* Begin PBXResourcesBuildPhase section */
		2C179E001E8629120007EE78 /* Resources */ = {
			isa = PBXResourcesBuildPhase;
			buildActionMask = 2147483647;
			files = (
				2C6DAF071EC104F9000D5B08 /* Assets.xcassets in Resources */,
				2C6DAF061EC104F2000D5B08 /* GoogleService-Info.plist in Resources */,
				2C6DAF051EC104ED000D5B08 /* Main.storyboard in Resources */,
				2C6DAF041EC104E7000D5B08 /* LaunchScreen.storyboard in Resources */,
			);
			runOnlyForDeploymentPostprocessing = 0;
		};
/* End PBXResourcesBuildPhase section */

/* Begin PBXShellScriptBuildPhase section */
		4D451EC03C872B36D4D38A12 /* [CP] Embed Pods Frameworks */ = {
			isa = PBXShellScriptBuildPhase;
			buildActionMask = 2147483647;
			files = (
			);
			inputPaths = (
			);
			name = "[CP] Embed Pods Frameworks";
			outputPaths = (
			);
			runOnlyForDeploymentPostprocessing = 0;
			shellPath = /bin/sh;
			shellScript = "\"${SRCROOT}/Pods/Target Support Files/Pods-PowerNap/Pods-PowerNap-frameworks.sh\"\n";
			showEnvVarsInLog = 0;
		};
		7AD9A794B8050ACFF66B2E23 /* [CP] Check Pods Manifest.lock */ = {
			isa = PBXShellScriptBuildPhase;
			buildActionMask = 2147483647;
			files = (
			);
			inputPaths = (
			);
			name = "[CP] Check Pods Manifest.lock";
			outputPaths = (
			);
			runOnlyForDeploymentPostprocessing = 0;
			shellPath = /bin/sh;
			shellScript = "diff \"${PODS_ROOT}/../Podfile.lock\" \"${PODS_ROOT}/Manifest.lock\" > /dev/null\nif [ $? != 0 ] ; then\n    # print error to STDERR\n    echo \"error: The sandbox is not in sync with the Podfile.lock. Run 'pod install' or update your CocoaPods installation.\" >&2\n    exit 1\nfi\n";
			showEnvVarsInLog = 0;
		};
		AF37996DFDA922B0BE37A663 /* [CP] Copy Pods Resources */ = {
			isa = PBXShellScriptBuildPhase;
			buildActionMask = 2147483647;
			files = (
			);
			inputPaths = (
			);
			name = "[CP] Copy Pods Resources";
			outputPaths = (
			);
			runOnlyForDeploymentPostprocessing = 0;
			shellPath = /bin/sh;
			shellScript = "\"${SRCROOT}/Pods/Target Support Files/Pods-PowerNap/Pods-PowerNap-resources.sh\"\n";
			showEnvVarsInLog = 0;
		};
/* End PBXShellScriptBuildPhase section */

/* Begin PBXSourcesBuildPhase section */
		2C179DFE1E8629120007EE78 /* Sources */ = {
			isa = PBXSourcesBuildPhase;
			buildActionMask = 2147483647;
			files = (
				2C179E1A1E862DC40007EE78 /* SignUpViewController.swift in Sources */,
				2CD6C9421E8B7934004F65BC /* Tip.swift in Sources */,
				2C952B041EC196CA00297DF3 /* ForgotPassViewController.swift in Sources */,
				2C5B57F41EBD4EAC008404FF /* AddTipViewController.swift in Sources */,
				2C30E2961E8A384A00B79E72 /* EntryViewController.swift in Sources */,
				2C4955B21EBF07D300C122C1 /* EntryCell.swift in Sources */,
				2C4955AF1EBF06EE00C122C1 /* JournalEntry.swift in Sources */,
				2CD6C9441E8B7FA6004F65BC /* TipCell.swift in Sources */,
				2CD6C9401E8B7415004F65BC /* TipsViewController.swift in Sources */,
				2C30E2991E8A3C5600B79E72 /* User.swift in Sources */,
				2C179E081E8629130007EE78 /* LoginViewController.swift in Sources */,
				2C4955B41EBF203C00C122C1 /* AddEntryViewController.swift in Sources */,
				2C179E061E8629130007EE78 /* AppDelegate.swift in Sources */,
				2C179E1E1E86455D0007EE78 /* JournalViewController.swift in Sources */,
			);
			runOnlyForDeploymentPostprocessing = 0;
		};
/* End PBXSourcesBuildPhase section */

/* Begin PBXVariantGroup section */
		2C179E091E8629130007EE78 /* Main.storyboard */ = {
			isa = PBXVariantGroup;
			children = (
				2C179E0A1E8629130007EE78 /* Base */,
			);
			name = Main.storyboard;
			sourceTree = "<group>";
		};
		2C179E0E1E8629130007EE78 /* LaunchScreen.storyboard */ = {
			isa = PBXVariantGroup;
			children = (
				2C179E0F1E8629130007EE78 /* Base */,
			);
			name = LaunchScreen.storyboard;
			sourceTree = "<group>";
		};
/* End PBXVariantGroup section */

/* Begin XCBuildConfiguration section */
		2C179E121E8629130007EE78 /* Debug */ = {
			isa = XCBuildConfiguration;
			buildSettings = {
				ALWAYS_SEARCH_USER_PATHS = NO;
				CLANG_ANALYZER_NONNULL = YES;
				CLANG_CXX_LANGUAGE_STANDARD = "gnu++0x";
				CLANG_CXX_LIBRARY = "libc++";
				CLANG_ENABLE_MODULES = YES;
				CLANG_ENABLE_OBJC_ARC = YES;
				CLANG_WARN_BOOL_CONVERSION = YES;
				CLANG_WARN_CONSTANT_CONVERSION = YES;
				CLANG_WARN_DIRECT_OBJC_ISA_USAGE = YES_ERROR;
				CLANG_WARN_DOCUMENTATION_COMMENTS = YES;
				CLANG_WARN_EMPTY_BODY = YES;
				CLANG_WARN_ENUM_CONVERSION = YES;
				CLANG_WARN_INFINITE_RECURSION = YES;
				CLANG_WARN_INT_CONVERSION = YES;
				CLANG_WARN_OBJC_ROOT_CLASS = YES_ERROR;
				CLANG_WARN_SUSPICIOUS_MOVE = YES;
				CLANG_WARN_UNREACHABLE_CODE = YES;
				CLANG_WARN__DUPLICATE_METHOD_MATCH = YES;
				"CODE_SIGN_IDENTITY[sdk=iphoneos*]" = "iPhone Developer";
				COPY_PHASE_STRIP = NO;
				DEBUG_INFORMATION_FORMAT = dwarf;
				ENABLE_STRICT_OBJC_MSGSEND = YES;
				ENABLE_TESTABILITY = YES;
				GCC_C_LANGUAGE_STANDARD = gnu99;
				GCC_DYNAMIC_NO_PIC = NO;
				GCC_NO_COMMON_BLOCKS = YES;
				GCC_OPTIMIZATION_LEVEL = 0;
				GCC_PREPROCESSOR_DEFINITIONS = (
					"DEBUG=1",
					"$(inherited)",
				);
				GCC_WARN_64_TO_32_BIT_CONVERSION = YES;
				GCC_WARN_ABOUT_RETURN_TYPE = YES_ERROR;
				GCC_WARN_UNDECLARED_SELECTOR = YES;
				GCC_WARN_UNINITIALIZED_AUTOS = YES_AGGRESSIVE;
				GCC_WARN_UNUSED_FUNCTION = YES;
				GCC_WARN_UNUSED_VARIABLE = YES;
				IPHONEOS_DEPLOYMENT_TARGET = 10.2;
				MTL_ENABLE_DEBUG_INFO = YES;
				ONLY_ACTIVE_ARCH = YES;
				SDKROOT = iphoneos;
				SWIFT_ACTIVE_COMPILATION_CONDITIONS = DEBUG;
				SWIFT_OPTIMIZATION_LEVEL = "-Onone";
			};
			name = Debug;
		};
		2C179E131E8629130007EE78 /* Release */ = {
			isa = XCBuildConfiguration;
			buildSettings = {
				ALWAYS_SEARCH_USER_PATHS = NO;
				CLANG_ANALYZER_NONNULL = YES;
				CLANG_CXX_LANGUAGE_STANDARD = "gnu++0x";
				CLANG_CXX_LIBRARY = "libc++";
				CLANG_ENABLE_MODULES = YES;
				CLANG_ENABLE_OBJC_ARC = YES;
				CLANG_WARN_BOOL_CONVERSION = YES;
				CLANG_WARN_CONSTANT_CONVERSION = YES;
				CLANG_WARN_DIRECT_OBJC_ISA_USAGE = YES_ERROR;
				CLANG_WARN_DOCUMENTATION_COMMENTS = YES;
				CLANG_WARN_EMPTY_BODY = YES;
				CLANG_WARN_ENUM_CONVERSION = YES;
				CLANG_WARN_INFINITE_RECURSION = YES;
				CLANG_WARN_INT_CONVERSION = YES;
				CLANG_WARN_OBJC_ROOT_CLASS = YES_ERROR;
				CLANG_WARN_SUSPICIOUS_MOVE = YES;
				CLANG_WARN_UNREACHABLE_CODE = YES;
				CLANG_WARN__DUPLICATE_METHOD_MATCH = YES;
				"CODE_SIGN_IDENTITY[sdk=iphoneos*]" = "iPhone Developer";
				COPY_PHASE_STRIP = NO;
				DEBUG_INFORMATION_FORMAT = "dwarf-with-dsym";
				ENABLE_NS_ASSERTIONS = NO;
				ENABLE_STRICT_OBJC_MSGSEND = YES;
				GCC_C_LANGUAGE_STANDARD = gnu99;
				GCC_NO_COMMON_BLOCKS = YES;
				GCC_WARN_64_TO_32_BIT_CONVERSION = YES;
				GCC_WARN_ABOUT_RETURN_TYPE = YES_ERROR;
				GCC_WARN_UNDECLARED_SELECTOR = YES;
				GCC_WARN_UNINITIALIZED_AUTOS = YES_AGGRESSIVE;
				GCC_WARN_UNUSED_FUNCTION = YES;
				GCC_WARN_UNUSED_VARIABLE = YES;
				IPHONEOS_DEPLOYMENT_TARGET = 10.2;
				MTL_ENABLE_DEBUG_INFO = NO;
				SDKROOT = iphoneos;
				SWIFT_OPTIMIZATION_LEVEL = "-Owholemodule";
				VALIDATE_PRODUCT = YES;
			};
			name = Release;
		};
		2C179E151E8629130007EE78 /* Debug */ = {
			isa = XCBuildConfiguration;
			baseConfigurationReference = 4A47B695596CE959EB9EB6C4 /* Pods-PowerNap.debug.xcconfig */;
			buildSettings = {
				ASSETCATALOG_COMPILER_APPICON_NAME = AppIcon;
				DEVELOPMENT_TEAM = 2SP49XQ42W;
				FRAMEWORK_SEARCH_PATHS = (
					"$(inherited)",
					"$(PROJECT_DIR)",
				);
				INFOPLIST_FILE = "$(SRCROOT)/SleepR/Info.plist";
				LD_RUNPATH_SEARCH_PATHS = "$(inherited) @executable_path/Frameworks";
				PRODUCT_BUNDLE_IDENTIFIER = com.sandeep.Sleepr;
				PRODUCT_NAME = "$(TARGET_NAME)";
				SWIFT_VERSION = 3.0;
				TARGETED_DEVICE_FAMILY = 1;
			};
			name = Debug;
		};
		2C179E161E8629130007EE78 /* Release */ = {
			isa = XCBuildConfiguration;
			baseConfigurationReference = B81FF09DE852FF4EA5449798 /* Pods-PowerNap.release.xcconfig */;
			buildSettings = {
				ASSETCATALOG_COMPILER_APPICON_NAME = AppIcon;
				DEVELOPMENT_TEAM = 2SP49XQ42W;
				FRAMEWORK_SEARCH_PATHS = (
					"$(inherited)",
					"$(PROJECT_DIR)",
				);
				INFOPLIST_FILE = "$(SRCROOT)/SleepR/Info.plist";
				LD_RUNPATH_SEARCH_PATHS = "$(inherited) @executable_path/Frameworks";
				PRODUCT_BUNDLE_IDENTIFIER = com.sandeep.Sleepr;
				PRODUCT_NAME = "$(TARGET_NAME)";
				SWIFT_VERSION = 3.0;
				TARGETED_DEVICE_FAMILY = 1;
			};
			name = Release;
		};
/* End XCBuildConfiguration section */

/* Begin XCConfigurationList section */
		2C179DFD1E8629120007EE78 /* Build configuration list for PBXProject "SleepR" */ = {
			isa = XCConfigurationList;
			buildConfigurations = (
				2C179E121E8629130007EE78 /* Debug */,
				2C179E131E8629130007EE78 /* Release */,
			);
			defaultConfigurationIsVisible = 0;
			defaultConfigurationName = Release;
		};
		2C179E141E8629130007EE78 /* Build configuration list for PBXNativeTarget "SleepR" */ = {
			isa = XCConfigurationList;
			buildConfigurations = (
				2C179E151E8629130007EE78 /* Debug */,
				2C179E161E8629130007EE78 /* Release */,
			);
			defaultConfigurationIsVisible = 0;
			defaultConfigurationName = Release;
		};
/* End XCConfigurationList section */
	};
	rootObject = 2C179DFA1E8629120007EE78 /* Project object */;
}
